{
  "name": "project-ex03",
  "version": "1.0.0",
  "lockfileVersion": 2,
  "requires": true,
  "packages": {
    "": {
      "name": "project-ex03",
      "version": "1.0.0",
      "license": "ISC",
      "dependencies": {
        "douzone-daseul-math": "^1.0.0"
      }
    },
    "node_modules/douzone-daseul-math": {
      "version": "1.0.0",
      "resolved": "https://registry.npmjs.org/douzone-daseul-math/-/douzone-daseul-math-1.0.0.tgz",
      "integrity": "sha512-k8AOzjjI+v/eyB2jtZiwtlLXn3tx3l7wk93E4AA2e9uU9x0RR/9ab83I4um3iVmvOWb1/xjXPl2fAqe8t1/8jw=="
    }
  },
  "dependencies": {
    "douzone-daseul-math": {
      "version": "1.0.0",
      "resolved": "https://registry.npmjs.org/douzone-daseul-math/-/douzone-daseul-math-1.0.0.tgz",
      "integrity": "sha512-k8AOzjjI+v/eyB2jtZiwtlLXn3tx3l7wk93E4AA2e9uU9x0RR/9ab83I4um3iVmvOWb1/xjXPl2fAqe8t1/8jw=="
    }
  }
}
